
Microsoft Visual Studio Solution File, Format Version 12.00
# Visual Studio Version 17
VisualStudioVersion = 17.9.34728.123
MinimumVisualStudioVersion = 10.0.40219.1
Project("{FAE04EC0-301F-11D3-BF4B-00C04F79EFBC}") = "RSSCtecka", "RSSCtecka\RSSCtecka.csproj", "{5BD55231-C2F1-45A2-B0AE-538D6BCA6988}"
EndProject
Global
	GlobalSection(SolutionConfigurationPlatforms) = preSolution
		Debug|Any CPU = Debug|Any CPU
		Release|Any CPU = Release|Any CPU
	EndGlobalSection
	GlobalSection(ProjectConfigurationPlatforms) = postSolution
		{5BD55231-C2F1-45A2-B0AE-538D6BCA6988}.Debug|Any CPU.ActiveCfg = Debug|Any CPU
		{5BD55231-C2F1-45A2-B0AE-538D6BCA6988}.Debug|Any CPU.Build.0 = Debug|Any CPU
		{5BD55231-C2F1-45A2-B0AE-538D6BCA6988}.Release|Any CPU.ActiveCfg = Release|Any CPU
		{5BD55231-C2F1-45A2-B0AE-538D6BCA6988}.Release|Any CPU.Build.0 = Release|Any CPU
	EndGlobalSection
	GlobalSection(SolutionProperties) = preSolution
		HideSolutionNode = FALSE
	EndGlobalSection
	GlobalSection(ExtensibilityGlobals) = postSolution
		SolutionGuid = {46DAD07D-6897-42C0-8A2C-95CD2BD5D758}
	EndGlobalSection
EndGlobal
