
Microsoft Visual Studio Solution File, Format Version 12.00
Project("{FAE04EC0-301F-11D3-BF4B-00C04F79EFBC}") = "TestingRSSReaderFunction", "TestingRSSReaderFunction\TestingRSSReaderFunction.csproj", "{27476B20-AC4A-47CC-A684-F59FE127C82A}"
EndProject
Global
	GlobalSection(SolutionConfigurationPlatforms) = preSolution
		Debug|Any CPU = Debug|Any CPU
		Release|Any CPU = Release|Any CPU
	EndGlobalSection
	GlobalSection(ProjectConfigurationPlatforms) = postSolution
		{27476B20-AC4A-47CC-A684-F59FE127C82A}.Debug|Any CPU.ActiveCfg = Debug|Any CPU
		{27476B20-AC4A-47CC-A684-F59FE127C82A}.Debug|Any CPU.Build.0 = Debug|Any CPU
		{27476B20-AC4A-47CC-A684-F59FE127C82A}.Release|Any CPU.ActiveCfg = Release|Any CPU
		{27476B20-AC4A-47CC-A684-F59FE127C82A}.Release|Any CPU.Build.0 = Release|Any CPU
	EndGlobalSection
EndGlobal
